# This file is autogenerated, do not edit; changes may be undone by the next 'dep ensure'.


[[projects]]
  branch = "master"
  digest = "1:7fb23b00dd7ec4c70ac97e2e70e351d9663b535ad6e2f135b17f402b4221a639"
  name = "github.com/lizrice/strace-from-scratch"
  packages = ["."]
  pruneopts = "UT"
  revision = "acb2d542b63e3baac7dc8783c2b875e25ac3a931"

[[projects]]
  digest = "1:76b02b3f516299ddfed21a4e7ce26cda0b9a57f14575bfe4aa2d644ea0e8e24c"
  name = "github.com/seccomp/libseccomp-golang"
  packages = ["."]
  pruneopts = "UT"
  revision = "e3496e3a417d1dc9ecdceca5af2513271fed37a0"
  version = "v0.9.0"

[solve-meta]
  analyzer-name = "dep"
  analyzer-version = 1
  input-imports = ["github.com/lizrice/strace-from-scratch"]
  solver-name = "gps-cdcl"
  solver-version = 1
